
Microsoft Visual Studio Solution File, Format Version 12.00
# Visual Studio 15
VisualStudioVersion = 15.0.28307.329
MinimumVisualStudioVersion = 10.0.40219.1
Project("{9A19103F-16F7-4668-BE54-9A1E7A4F7556}") = "TestClient", "TestClient.csproj", "{791FC6A7-813F-466B-9442-84C1F9196302}"
EndProject
Project("{FAE04EC0-301F-11D3-BF4B-00C04F79EFBC}") = "ConsoleApp3", "..\ConsoleApp3\ConsoleApp3.csproj", "{A3154108-09A3-4DFE-9664-CABE8BC961EF}"
EndProject
Project("{FAE04EC0-301F-11D3-BF4B-00C04F79EFBC}") = "ConsoleApp4", "..\ConsoleApp4\ConsoleApp4.csproj", "{B292322A-15EA-464E-A7B9-82A058B90B57}"
EndProject
Global
	GlobalSection(SolutionConfigurationPlatforms) = preSolution
		Debug|Any CPU = Debug|Any CPU
		Release|Any CPU = Release|Any CPU
	EndGlobalSection
	GlobalSection(ProjectConfigurationPlatforms) = postSolution
		{791FC6A7-813F-466B-9442-84C1F9196302}.Debug|Any CPU.ActiveCfg = Debug|Any CPU
		{791FC6A7-813F-466B-9442-84C1F9196302}.Debug|Any CPU.Build.0 = Debug|Any CPU
		{791FC6A7-813F-466B-9442-84C1F9196302}.Release|Any CPU.ActiveCfg = Release|Any CPU
		{791FC6A7-813F-466B-9442-84C1F9196302}.Release|Any CPU.Build.0 = Release|Any CPU
		{A3154108-09A3-4DFE-9664-CABE8BC961EF}.Debug|Any CPU.ActiveCfg = Debug|Any CPU
		{A3154108-09A3-4DFE-9664-CABE8BC961EF}.Debug|Any CPU.Build.0 = Debug|Any CPU
		{A3154108-09A3-4DFE-9664-CABE8BC961EF}.Release|Any CPU.ActiveCfg = Release|Any CPU
		{A3154108-09A3-4DFE-9664-CABE8BC961EF}.Release|Any CPU.Build.0 = Release|Any CPU
		{B292322A-15EA-464E-A7B9-82A058B90B57}.Debug|Any CPU.ActiveCfg = Debug|Any CPU
		{B292322A-15EA-464E-A7B9-82A058B90B57}.Debug|Any CPU.Build.0 = Debug|Any CPU
		{B292322A-15EA-464E-A7B9-82A058B90B57}.Release|Any CPU.ActiveCfg = Release|Any CPU
		{B292322A-15EA-464E-A7B9-82A058B90B57}.Release|Any CPU.Build.0 = Release|Any CPU
	EndGlobalSection
	GlobalSection(SolutionProperties) = preSolution
		HideSolutionNode = FALSE
	EndGlobalSection
	GlobalSection(ExtensibilityGlobals) = postSolution
		SolutionGuid = {C3AD5348-038C-44DC-B0FE-9A246A3C955A}
	EndGlobalSection
EndGlobal
